{
  "version": 1,
  "dependencies": {
    "net10.0": {
      "Microsoft.NET.ILLink.Tasks": {
        "type": "Direct",
        "requested": "[10.0.7, )",
        "resolved": "10.0.7",
        "contentHash": "TH3MSazsQm+XAv0HZuKaNpCZyYQiIfMxnylkkSmkQ9e9GR/FrhQCabgh8cyjunzyi7+nrlaMtphv4mbyMXGF2Q=="
      },
      "Microsoft.Extensions.AI.Abstractions": {
        "type": "Transitive",
        "resolved": "10.0.0",
        "contentHash": "PHeuDm2tC6wJPEQvleUr2kNQaIMNqSf3aEbzkIPlZyQ0+0SYI9SwXVLdGD1NPBI+xB+Vb2lxZKhrFlIf9kP9WA=="
      },
      "Microsoft.Extensions.DependencyInjection.Abstractions": {
        "type": "Transitive",
        "resolved": "10.0.0",
        "contentHash": "L3AdmZ1WOK4XXT5YFPEwyt0ep6l8lGIPs7F5OOBZc77Zqeo01Of7XXICy47628sdVl0v/owxYJTe86DTgFwKCA=="
      },
      "Microsoft.Extensions.Logging.Abstractions": {
        "type": "Transitive",
        "resolved": "10.0.0",
        "contentHash": "FU/IfjDfwaMuKr414SSQNTIti/69bHEMb+QKrskRb26oVqpx3lNFXMjs/RC9ZUuhBhcwDM2BwOgoMw+PZ+beqQ==",
        "dependencies": {
          "Microsoft.Extensions.DependencyInjection.Abstractions": "10.0.0"
        }
      },
      "org.k2fsa.portaudio.runtime.linux-aarch64": {
        "type": "Transitive",
        "resolved": "1.0.6",
        "contentHash": "kha8bJ1Cqte5pe+V+IWK79OVfdgu0jeRFGlAVd1Iw0JBv04X238t7FVR3GPHK2ix7c1Vqb8yJhneEAkVfrEeeQ=="
      },
      "org.k2fsa.portaudio.runtime.linux-x64": {
        "type": "Transitive",
        "resolved": "1.0.6",
        "contentHash": "0D0ECSNhKIAGWjrZuDkBS2GGuQD5l+Kqbfg/DSGQYxaVu/6Zc4fCOEf9uTwOHLyaSp3vINWH8Nw68nqctcqtRw=="
      },
      "org.k2fsa.portaudio.runtime.osx-arm64": {
        "type": "Transitive",
        "resolved": "1.0.6",
        "contentHash": "BvxoZ5VtvC+R/gZSh5pzOAeoCDd6/1kfO4HKYavpuD179ZCOTwFZF3Zy6x5TDe0smX+NOwqqcHYswTf8IK5U0g=="
      },
      "org.k2fsa.portaudio.runtime.osx-x64": {
        "type": "Transitive",
        "resolved": "1.0.6",
        "contentHash": "RuhJuQ1PXD6XEP/C3JqGkBXkYMDrG248Xkfo7TKUj9anOjhEWrf+B+TAuWImwbtPpYOv2v/MC0wDh/E80o/Chw=="
      },
      "org.k2fsa.portaudio.runtime.win-x64": {
        "type": "Transitive",
        "resolved": "1.0.6",
        "contentHash": "IUmJ8Nw9G+D09OETUD39GLuFD3+uuZrXhy5iWS6Md0VZVtnKcC2gHweVUyOSIr/MZRLgSA+58PfixFLiIo8YUQ=="
      },
      "PortAudioSharp2": {
        "type": "Transitive",
        "resolved": "1.0.6",
        "contentHash": "8wjpXYVi9G0xp04veuOOSqu5YHekf4ZfuC77vESj2Ccv1SJ6SUxk33NEGTzS1No4INNucZ7864hdDCimbKvHqQ==",
        "dependencies": {
          "org.k2fsa.portaudio.runtime.linux-aarch64": "1.0.6",
          "org.k2fsa.portaudio.runtime.linux-x64": "1.0.6",
          "org.k2fsa.portaudio.runtime.osx-arm64": "1.0.6",
          "org.k2fsa.portaudio.runtime.osx-x64": "1.0.6",
          "org.k2fsa.portaudio.runtime.win-x64": "1.0.6"
        }
      },
      "SharpHook": {
        "type": "Transitive",
        "resolved": "7.1.1",
        "contentHash": "IgzfEVFCVsO2LtMmAR6fAxEsCTJlqJtXGELLFBynGs6mlZwL/u2c+o3UXpQ7Yrc3+57eurKNSRfIKvaYBtccBA=="
      },
      "TextCopy": {
        "type": "Transitive",
        "resolved": "6.2.1",
        "contentHash": "ryejViUBmHQ2XMie2AiRBn7KVKu2Gh/hqrctGSAUf1BufwfPjr+MWuACNBaiG+40TMbWRDJZgV73Tpl9hggeRw==",
        "dependencies": {
          "Microsoft.Extensions.DependencyInjection.Abstractions": "7.0.0"
        }
      },
      "Whisper.net": {
        "type": "Transitive",
        "resolved": "1.9.0",
        "contentHash": "oIDi3oa+EYQgPdAsGxEZJmheUuyHI8imN4GUE0rA2xme38uiImE8pqJNYvKsseug3+2Dp9dOud38fl159kROIA==",
        "dependencies": {
          "Microsoft.Extensions.AI.Abstractions": "10.0.0"
        }
      },
      "quickstype.core": {
        "type": "Project",
        "dependencies": {
          "Microsoft.Extensions.Logging.Abstractions": "[10.0.0, )",
          "PortAudioSharp2": "[1.0.6, )",
          "SharpHook": "[7.1.1, )",
          "TextCopy": "[6.2.1, )",
          "Whisper.net": "[1.9.0, )"
        }
      }
    }
  }
}